{
  "nodes": {
    "nixpkgs": {
      "locked": {
        "lastModified": 1775639890,
        "narHash": "sha256-9O9gNidrdzcb7vgKGtff7QiLtr0IsVaCi0pAXm8anhQ=",
        "owner": "NixOS",
        "repo": "nixpkgs",
        "rev": "456e8a9468b9d46bd8c9524425026c00745bc4d2",
        "type": "github"
      },
      "original": {
        "owner": "NixOS",
        "ref": "nixpkgs-unstable",
        "repo": "nixpkgs",
        "type": "github"
      }
    },
    "nixpkgs_2": {
      "locked": {
        "lastModified": 1775888245,
        "narHash": "sha256-nwASzrRDD1JBEu/o8ekKYEXm/oJW6EMCzCRdrwcLe90=",
        "owner": "NixOS",
        "repo": "nixpkgs",
        "rev": "13043924aaa7375ce482ebe2494338e058282925",
        "type": "github"
      },
      "original": {
        "owner": "NixOS",
        "ref": "nixpkgs-unstable",
        "repo": "nixpkgs",
        "type": "github"
      }
    },
    "root": {
      "inputs": {
        "nixpkgs": "nixpkgs",
        "swiftix": "swiftix"
      }
    },
    "swiftix": {
      "inputs": {
        "nixpkgs": "nixpkgs_2"
      },
      "locked": {
        "lastModified": 1788444178,
        "narHash": "sha256-JnD5U3ILX5PFKRRAZTi+peLYPnU3soCZPwqBiV1RzT0=",
        "owner": "stillwind-ai",
        "repo": "swiftix",
        "rev": "0d592e31b2386bdf10e2c32ce6f42b57ccbf22b0",
        "type": "github"
      },
      "original": {
        "owner": "stillwind-ai",
        "repo": "swiftix",
        "type": "github"
      }
    }
  },
  "root": "root",
  "version": 7
}
