{
  "nodes": {
    "nixpkgs": {
      "locked": {
        "lastModified": 1775639890,
        "narHash": "sha256-9O9gNidrdzcb7vgKGtff7QiLtr0IsVaCi0pAXm8anhQ=",
        "owner": "NixOS",
        "repo": "nixpkgs",
        "rev": "456e8a9468b9d46bd8c9524425026c00745bc4d2",
        "type": "github"
      },
      "original": {
        "owner": "NixOS",
        "ref": "nixpkgs-unstable",
        "repo": "nixpkgs",
        "type": "github"
      }
    },
    "nixpkgs_2": {
      "locked": {
        "lastModified": 1775888245,
        "narHash": "sha256-nwASzrRDD1JBEu/o8ekKYEXm/oJW6EMCzCRdrwcLe90=",
        "owner": "NixOS",
        "repo": "nixpkgs",
        "rev": "13043924aaa7375ce482ebe2494338e058282925",
        "type": "github"
      },
      "original": {
        "owner": "NixOS",
        "ref": "nixpkgs-unstable",
        "repo": "nixpkgs",
        "type": "github"
      }
    },
    "root": {
      "inputs": {
        "nixpkgs": "nixpkgs",
        "swiftix": "swiftix"
      }
    },
    "swiftix": {
      "inputs": {
        "nixpkgs": "nixpkgs_2"
      },
      "locked": {
        "lastModified": 1776533359,
        "narHash": "sha256-WpOZtF+3jpb5jz6Nsvc2fqpl9E0HYOmA1f3Sxt6uMkk=",
        "owner": "stillwind-ai",
        "repo": "swiftix",
        "rev": "7aeb310ab2819f820952988ca351c3a6d4c3d570",
        "type": "github"
      },
      "original": {
        "owner": "stillwind-ai",
        "repo": "swiftix",
        "type": "github"
      }
    }
  },
  "root": "root",
  "version": 7
}
